
Microsoft Visual Studio Solution File, Format Version 12.00
# Visual Studio 14
VisualStudioVersion = 14.0.23107.0
MinimumVisualStudioVersion = 10.0.40219.1
Project("{FAE04EC0-301F-11D3-BF4B-00C04F79EFBC}") = "CleanAOP", "CleanAOP\CleanAOP.csproj", "{CBBD98AB-A406-4060-BC71-2214585B6441}"
EndProject
Project("{FAE04EC0-301F-11D3-BF4B-00C04F79EFBC}") = "Test.WPF", "Test.WPF\Test.WPF.csproj", "{E53463A5-02BE-49F0-83DD-7C09A25F63B6}"
EndProject
Global
	GlobalSection(SolutionConfigurationPlatforms) = preSolution
		Debug|Any CPU = Debug|Any CPU
		Release|Any CPU = Release|Any CPU
	EndGlobalSection
	GlobalSection(ProjectConfigurationPlatforms) = postSolution
		{CBBD98AB-A406-4060-BC71-2214585B6441}.Debug|Any CPU.ActiveCfg = Debug|Any CPU
		{CBBD98AB-A406-4060-BC71-2214585B6441}.Debug|Any CPU.Build.0 = Debug|Any CPU
		{CBBD98AB-A406-4060-BC71-2214585B6441}.Release|Any CPU.ActiveCfg = Release|Any CPU
		{CBBD98AB-A406-4060-BC71-2214585B6441}.Release|Any CPU.Build.0 = Release|Any CPU
		{E53463A5-02BE-49F0-83DD-7C09A25F63B6}.Debug|Any CPU.ActiveCfg = Debug|Any CPU
		{E53463A5-02BE-49F0-83DD-7C09A25F63B6}.Debug|Any CPU.Build.0 = Debug|Any CPU
		{E53463A5-02BE-49F0-83DD-7C09A25F63B6}.Release|Any CPU.ActiveCfg = Release|Any CPU
		{E53463A5-02BE-49F0-83DD-7C09A25F63B6}.Release|Any CPU.Build.0 = Release|Any CPU
	EndGlobalSection
	GlobalSection(SolutionProperties) = preSolution
		HideSolutionNode = FALSE
	EndGlobalSection
EndGlobal
